// !$*UTF8*$!
{
	archiveVersion = 1;
	classes = {
	};
	objectVersion = 55;
	objects = {

/* Begin PBXBuildFile section */
		751E757C2933CB360017A3C9 /* Representable in Frameworks */ = {isa = PBXBuildFile; productRef = 751E757B2933CB360017A3C9 /* Representable */; };
		751F7CA22923F10600F5A89F /* AppFeature in Frameworks */ = {isa = PBXBuildFile; productRef = 751F7CA12923F10600F5A89F /* AppFeature */; };
		755F961B2937A84C00D5F0BB /* SelectPlayerFeature in Frameworks */ = {isa = PBXBuildFile; productRef = 755F961A2937A84C00D5F0BB /* SelectPlayerFeature */; };
		75C62B7429333F8900F48A52 /* SelectTeamsFeature in Frameworks */ = {isa = PBXBuildFile; productRef = 75C62B7329333F8900F48A52 /* SelectTeamsFeature */; };
		75F13D272923DEDF00FFE73B /* App.swift in Sources */ = {isa = PBXBuildFile; fileRef = 75F13D262923DEDF00FFE73B /* App.swift */; };
		75F13D2B2923DEE200FFE73B /* Assets.xcassets in Resources */ = {isa = PBXBuildFile; fileRef = 75F13D2A2923DEE200FFE73B /* Assets.xcassets */; };
		75F13D2E2923DEE200FFE73B /* Preview Assets.xcassets in Resources */ = {isa = PBXBuildFile; fileRef = 75F13D2D2923DEE200FFE73B /* Preview Assets.xcassets */; };
		75F13D382923DEE200FFE73B /* trade_machineTests.swift in Sources */ = {isa = PBXBuildFile; fileRef = 75F13D372923DEE200FFE73B /* trade_machineTests.swift */; };
		75F13D422923DEE200FFE73B /* trade_machineUITests.swift in Sources */ = {isa = PBXBuildFile; fileRef = 75F13D412923DEE200FFE73B /* trade_machineUITests.swift */; };
		75F13D442923DEE200FFE73B /* trade_machineUITestsLaunchTests.swift in Sources */ = {isa = PBXBuildFile; fileRef = 75F13D432923DEE200FFE73B /* trade_machineUITestsLaunchTests.swift */; };
/* End PBXBuildFile section */

/* Begin PBXContainerItemProxy section */
		75F13D342923DEE200FFE73B /* PBXContainerItemProxy */ = {
			isa = PBXContainerItemProxy;
			containerPortal = 75F13D1B2923DEDF00FFE73B /* Project object */;
			proxyType = 1;
			remoteGlobalIDString = 75F13D222923DEDF00FFE73B;
			remoteInfo = "trade-machine";
		};
		75F13D3E2923DEE200FFE73B /* PBXContainerItemProxy */ = {
			isa = PBXContainerItemProxy;
			containerPortal = 75F13D1B2923DEDF00FFE73B /* Project object */;
			proxyType = 1;
			remoteGlobalIDString = 75F13D222923DEDF00FFE73B;
			remoteInfo = "trade-machine";
		};
/* End PBXContainerItemProxy section */

/* Begin PBXFileReference section */
		75A0004F2925A174001BE06E /* DesignSystem */ = {isa = PBXFileReference; lastKnownFileType = wrapper; path = DesignSystem; sourceTree = "<group>"; };
		75F016E52923E82E005FE7EE /* Features */ = {isa = PBXFileReference; lastKnownFileType = wrapper; path = Features; sourceTree = "<group>"; };
		75F13D232923DEDF00FFE73B /* trade-machine.app */ = {isa = PBXFileReference; explicitFileType = wrapper.application; includeInIndex = 0; path = "trade-machine.app"; sourceTree = BUILT_PRODUCTS_DIR; };
		75F13D262923DEDF00FFE73B /* App.swift */ = {isa = PBXFileReference; lastKnownFileType = sourcecode.swift; path = App.swift; sourceTree = "<group>"; };
		75F13D2A2923DEE200FFE73B /* Assets.xcassets */ = {isa = PBXFileReference; lastKnownFileType = folder.assetcatalog; path = Assets.xcassets; sourceTree = "<group>"; };
		75F13D2D2923DEE200FFE73B /* Preview Assets.xcassets */ = {isa = PBXFileReference; lastKnownFileType = folder.assetcatalog; path = "Preview Assets.xcassets"; sourceTree = "<group>"; };
		75F13D332923DEE200FFE73B /* trade-machineTests.xctest */ = {isa = PBXFileReference; explicitFileType = wrapper.cfbundle; includeInIndex = 0; path = "trade-machineTests.xctest"; sourceTree = BUILT_PRODUCTS_DIR; };
		75F13D372923DEE200FFE73B /* trade_machineTests.swift */ = {isa = PBXFileReference; lastKnownFileType = sourcecode.swift; path = trade_machineTests.swift; sourceTree = "<group>"; };
		75F13D3D2923DEE200FFE73B /* trade-machineUITests.xctest */ = {isa = PBXFileReference; explicitFileType = wrapper.cfbundle; includeInIndex = 0; path = "trade-machineUITests.xctest"; sourceTree = BUILT_PRODUCTS_DIR; };
		75F13D412923DEE200FFE73B /* trade_machineUITests.swift */ = {isa = PBXFileReference; lastKnownFileType = sourcecode.swift; path = trade_machineUITests.swift; sourceTree = "<group>"; };
		75F13D432923DEE200FFE73B /* trade_machineUITestsLaunchTests.swift */ = {isa = PBXFileReference; lastKnownFileType = sourcecode.swift; path = trade_machineUITestsLaunchTests.swift; sourceTree = "<group>"; };
/* End PBXFileReference section */

/* Begin PBXFrameworksBuildPhase section */
		75F13D202923DEDF00FFE73B /* Frameworks */ = {
			isa = PBXFrameworksBuildPhase;
			buildActionMask = 2147483647;
			files = (
				755F961B2937A84C00D5F0BB /* SelectPlayerFeature in Frameworks */,
				75C62B7429333F8900F48A52 /* SelectTeamsFeature in Frameworks */,
				751E757C2933CB360017A3C9 /* Representable in Frameworks */,
				751F7CA22923F10600F5A89F /* AppFeature in Frameworks */,
			);
			runOnlyForDeploymentPostprocessing = 0;
		};
		75F13D302923DEE200FFE73B /* Frameworks */ = {
			isa = PBXFrameworksBuildPhase;
			buildActionMask = 2147483647;
			files = (
			);
			runOnlyForDeploymentPostprocessing = 0;
		};
		75F13D3A2923DEE200FFE73B /* Frameworks */ = {
			isa = PBXFrameworksBuildPhase;
			buildActionMask = 2147483647;
			files = (
			);
			runOnlyForDeploymentPostprocessing = 0;
		};
/* End PBXFrameworksBuildPhase section */

/* Begin PBXGroup section */
		75F13D1A2923DEDF00FFE73B = {
			isa = PBXGroup;
			children = (
				75F13D522923E5E100FFE73B /* Packages */,
				75F13D252923DEDF00FFE73B /* trade-machine */,
				75F13D362923DEE200FFE73B /* trade-machineTests */,
				75F13D402923DEE200FFE73B /* trade-machineUITests */,
				75F13D242923DEDF00FFE73B /* Products */,
				75F13D552923E5F500FFE73B /* Frameworks */,
			);
			indentWidth = 2;
			sourceTree = "<group>";
			tabWidth = 2;
		};
		75F13D242923DEDF00FFE73B /* Products */ = {
			isa = PBXGroup;
			children = (
				75F13D232923DEDF00FFE73B /* trade-machine.app */,
				75F13D332923DEE200FFE73B /* trade-machineTests.xctest */,
				75F13D3D2923DEE200FFE73B /* trade-machineUITests.xctest */,
			);
			name = Products;
			sourceTree = "<group>";
		};
		75F13D252923DEDF00FFE73B /* trade-machine */ = {
			isa = PBXGroup;
			children = (
				75F13D262923DEDF00FFE73B /* App.swift */,
				75F13D2A2923DEE200FFE73B /* Assets.xcassets */,
				75F13D2C2923DEE200FFE73B /* Preview Content */,
			);
			path = "trade-machine";
			sourceTree = "<group>";
		};
		75F13D2C2923DEE200FFE73B /* Preview Content */ = {
			isa = PBXGroup;
			children = (
				75F13D2D2923DEE200FFE73B /* Preview Assets.xcassets */,
			);
			path = "Preview Content";
			sourceTree = "<group>";
		};
		75F13D362923DEE200FFE73B /* trade-machineTests */ = {
			isa = PBXGroup;
			children = (
				75F13D372923DEE200FFE73B /* trade_machineTests.swift */,
			);
			path = "trade-machineTests";
			sourceTree = "<group>";
		};
		75F13D402923DEE200FFE73B /* trade-machineUITests */ = {
			isa = PBXGroup;
			children = (
				75F13D412923DEE200FFE73B /* trade_machineUITests.swift */,
				75F13D432923DEE200FFE73B /* trade_machineUITestsLaunchTests.swift */,
			);
			path = "trade-machineUITests";
			sourceTree = "<group>";
		};
		75F13D522923E5E100FFE73B /* Packages */ = {
			isa = PBXGroup;
			children = (
				75A0004F2925A174001BE06E /* DesignSystem */,
				75F016E52923E82E005FE7EE /* Features */,
			);
			path = Packages;
			sourceTree = "<group>";
		};
		75F13D552923E5F500FFE73B /* Frameworks */ = {
			isa = PBXGroup;
			children = (
			);
			name = Frameworks;
			sourceTree = "<group>";
		};
/* End PBXGroup section */

/* Begin PBXNativeTarget section */
		75F13D222923DEDF00FFE73B /* trade-machine */ = {
			isa = PBXNativeTarget;
			buildConfigurationList = 75F13D472923DEE200FFE73B /* Build configuration list for PBXNativeTarget "trade-machine" */;
			buildPhases = (
				75F13D1F2923DEDF00FFE73B /* Sources */,
				75F13D202923DEDF00FFE73B /* Frameworks */,
				75F13D212923DEDF00FFE73B /* Resources */,
			);
			buildRules = (
			);
			dependencies = (
			);
			name = "trade-machine";
			packageProductDependencies = (
				751F7CA12923F10600F5A89F /* AppFeature */,
				75C62B7329333F8900F48A52 /* SelectTeamsFeature */,
				751E757B2933CB360017A3C9 /* Representable */,
				755F961A2937A84C00D5F0BB /* SelectPlayerFeature */,
			);
			productName = "trade-machine";
			productReference = 75F13D232923DEDF00FFE73B /* trade-machine.app */;
			productType = "com.apple.product-type.application";
		};
		75F13D322923DEE200FFE73B /* trade-machineTests */ = {
			isa = PBXNativeTarget;
			buildConfigurationList = 75F13D4A2923DEE200FFE73B /* Build configuration list for PBXNativeTarget "trade-machineTests" */;
			buildPhases = (
				75F13D2F2923DEE200FFE73B /* Sources */,
				75F13D302923DEE200FFE73B /* Frameworks */,
				75F13D312923DEE200FFE73B /* Resources */,
			);
			buildRules = (
			);
			dependencies = (
				75F13D352923DEE200FFE73B /* PBXTargetDependency */,
			);
			name = "trade-machineTests";
			productName = "trade-machineTests";
			productReference = 75F13D332923DEE200FFE73B /* trade-machineTests.xctest */;
			productType = "com.apple.product-type.bundle.unit-test";
		};
		75F13D3C2923DEE200FFE73B /* trade-machineUITests */ = {
			isa = PBXNativeTarget;
			buildConfigurationList = 75F13D4D2923DEE200FFE73B /* Build configuration list for PBXNativeTarget "trade-machineUITests" */;
			buildPhases = (
				75F13D392923DEE200FFE73B /* Sources */,
				75F13D3A2923DEE200FFE73B /* Frameworks */,
				75F13D3B2923DEE200FFE73B /* Resources */,
			);
			buildRules = (
			);
			dependencies = (
				75F13D3F2923DEE200FFE73B /* PBXTargetDependency */,
			);
			name = "trade-machineUITests";
			productName = "trade-machineUITests";
			productReference = 75F13D3D2923DEE200FFE73B /* trade-machineUITests.xctest */;
			productType = "com.apple.product-type.bundle.ui-testing";
		};
/* End PBXNativeTarget section */

/* Begin PBXProject section */
		75F13D1B2923DEDF00FFE73B /* Project object */ = {
			isa = PBXProject;
			attributes = {
				BuildIndependentTargetsInParallel = 1;
				LastSwiftUpdateCheck = 1400;
				LastUpgradeCheck = 1400;
				TargetAttributes = {
					75F13D222923DEDF00FFE73B = {
						CreatedOnToolsVersion = 14.0.1;
					};
					75F13D322923DEE200FFE73B = {
						CreatedOnToolsVersion = 14.0.1;
						TestTargetID = 75F13D222923DEDF00FFE73B;
					};
					75F13D3C2923DEE200FFE73B = {
						CreatedOnToolsVersion = 14.0.1;
						TestTargetID = 75F13D222923DEDF00FFE73B;
					};
				};
			};
			buildConfigurationList = 75F13D1E2923DEDF00FFE73B /* Build configuration list for PBXProject "trade-machine" */;
			compatibilityVersion = "Xcode 13.0";
			developmentRegion = en;
			hasScannedForEncodings = 0;
			knownRegions = (
				en,
				Base,
			);
			mainGroup = 75F13D1A2923DEDF00FFE73B;
			productRefGroup = 75F13D242923DEDF00FFE73B /* Products */;
			projectDirPath = "";
			projectRoot = "";
			targets = (
				75F13D222923DEDF00FFE73B /* trade-machine */,
				75F13D322923DEE200FFE73B /* trade-machineTests */,
				75F13D3C2923DEE200FFE73B /* trade-machineUITests */,
			);
		};
/* End PBXProject section */

/* Begin PBXResourcesBuildPhase section */
		75F13D212923DEDF00FFE73B /* Resources */ = {
			isa = PBXResourcesBuildPhase;
			buildActionMask = 2147483647;
			files = (
				75F13D2E2923DEE200FFE73B /* Preview Assets.xcassets in Resources */,
				75F13D2B2923DEE200FFE73B /* Assets.xcassets in Resources */,
			);
			runOnlyForDeploymentPostprocessing = 0;
		};
		75F13D312923DEE200FFE73B /* Resources */ = {
			isa = PBXResourcesBuildPhase;
			buildActionMask = 2147483647;
			files = (
			);
			runOnlyForDeploymentPostprocessing = 0;
		};
		75F13D3B2923DEE200FFE73B /* Resources */ = {
			isa = PBXResourcesBuildPhase;
			buildActionMask = 2147483647;
			files = (
			);
			runOnlyForDeploymentPostprocessing = 0;
		};
/* End PBXResourcesBuildPhase section */

/* Begin PBXSourcesBuildPhase section */
		75F13D1F2923DEDF00FFE73B /* Sources */ = {
			isa = PBXSourcesBuildPhase;
			buildActionMask = 2147483647;
			files = (
				75F13D272923DEDF00FFE73B /* App.swift in Sources */,
			);
			runOnlyForDeploymentPostprocessing = 0;
		};
		75F13D2F2923DEE200FFE73B /* Sources */ = {
			isa = PBXSourcesBuildPhase;
			buildActionMask = 2147483647;
			files = (
				75F13D382923DEE200FFE73B /* trade_machineTests.swift in Sources */,
			);
			runOnlyForDeploymentPostprocessing = 0;
		};
		75F13D392923DEE200FFE73B /* Sources */ = {
			isa = PBXSourcesBuildPhase;
			buildActionMask = 2147483647;
			files = (
				75F13D422923DEE200FFE73B /* trade_machineUITests.swift in Sources */,
				75F13D442923DEE200FFE73B /* trade_machineUITestsLaunchTests.swift in Sources */,
			);
			runOnlyForDeploymentPostprocessing = 0;
		};
/* End PBXSourcesBuildPhase section */

/* Begin PBXTargetDependency section */
		75F13D352923DEE200FFE73B /* PBXTargetDependency */ = {
			isa = PBXTargetDependency;
			target = 75F13D222923DEDF00FFE73B /* trade-machine */;
			targetProxy = 75F13D342923DEE200FFE73B /* PBXContainerItemProxy */;
		};
		75F13D3F2923DEE200FFE73B /* PBXTargetDependency */ = {
			isa = PBXTargetDependency;
			target = 75F13D222923DEDF00FFE73B /* trade-machine */;
			targetProxy = 75F13D3E2923DEE200FFE73B /* PBXContainerItemProxy */;
		};
/* End PBXTargetDependency section */

/* Begin XCBuildConfiguration section */
		75F13D452923DEE200FFE73B /* Debug */ = {
			isa = XCBuildConfiguration;
			buildSettings = {
				ALWAYS_SEARCH_USER_PATHS = NO;
				CLANG_ANALYZER_NONNULL = YES;
				CLANG_ANALYZER_NUMBER_OBJECT_CONVERSION = YES_AGGRESSIVE;
				CLANG_CXX_LANGUAGE_STANDARD = "gnu++20";
				CLANG_ENABLE_MODULES = YES;
				CLANG_ENABLE_OBJC_ARC = YES;
				CLANG_ENABLE_OBJC_WEAK = YES;
				CLANG_WARN_BLOCK_CAPTURE_AUTORELEASING = YES;
				CLANG_WARN_BOOL_CONVERSION = YES;
				CLANG_WARN_COMMA = YES;
				CLANG_WARN_CONSTANT_CONVERSION = YES;
				CLANG_WARN_DEPRECATED_OBJC_IMPLEMENTATIONS = YES;
				CLANG_WARN_DIRECT_OBJC_ISA_USAGE = YES_ERROR;
				CLANG_WARN_DOCUMENTATION_COMMENTS = YES;
				CLANG_WARN_EMPTY_BODY = YES;
				CLANG_WARN_ENUM_CONVERSION = YES;
				CLANG_WARN_INFINITE_RECURSION = YES;
				CLANG_WARN_INT_CONVERSION = YES;
				CLANG_WARN_NON_LITERAL_NULL_CONVERSION = YES;
				CLANG_WARN_OBJC_IMPLICIT_RETAIN_SELF = YES;
				CLANG_WARN_OBJC_LITERAL_CONVERSION = YES;
				CLANG_WARN_OBJC_ROOT_CLASS = YES_ERROR;
				CLANG_WARN_QUOTED_INCLUDE_IN_FRAMEWORK_HEADER = YES;
				CLANG_WARN_RANGE_LOOP_ANALYSIS = YES;
				CLANG_WARN_STRICT_PROTOTYPES = YES;
				CLANG_WARN_SUSPICIOUS_MOVE = YES;
				CLANG_WARN_UNGUARDED_AVAILABILITY = YES_AGGRESSIVE;
				CLANG_WARN_UNREACHABLE_CODE = YES;
				CLANG_WARN__DUPLICATE_METHOD_MATCH = YES;
				COPY_PHASE_STRIP = NO;
				DEBUG_INFORMATION_FORMAT = dwarf;
				ENABLE_STRICT_OBJC_MSGSEND = YES;
				ENABLE_TESTABILITY = YES;
				GCC_C_LANGUAGE_STANDARD = gnu11;
				GCC_DYNAMIC_NO_PIC = NO;
				GCC_NO_COMMON_BLOCKS = YES;
				GCC_OPTIMIZATION_LEVEL = 0;
				GCC_PREPROCESSOR_DEFINITIONS = (
					"DEBUG=1",
					"$(inherited)",
				);
				GCC_WARN_64_TO_32_BIT_CONVERSION = YES;
				GCC_WARN_ABOUT_RETURN_TYPE = YES_ERROR;
				GCC_WARN_UNDECLARED_SELECTOR = YES;
				GCC_WARN_UNINITIALIZED_AUTOS = YES_AGGRESSIVE;
				GCC_WARN_UNUSED_FUNCTION = YES;
				GCC_WARN_UNUSED_VARIABLE = YES;
				IPHONEOS_DEPLOYMENT_TARGET = 16.0;
				MTL_ENABLE_DEBUG_INFO = INCLUDE_SOURCE;
				MTL_FAST_MATH = YES;
				ONLY_ACTIVE_ARCH = YES;
				SDKROOT = iphoneos;
				SWIFT_ACTIVE_COMPILATION_CONDITIONS = DEBUG;
				SWIFT_OPTIMIZATION_LEVEL = "-Onone";
			};
			name = Debug;
		};
		75F13D462923DEE200FFE73B /* Release */ = {
			isa = XCBuildConfiguration;
			buildSettings = {
				ALWAYS_SEARCH_USER_PATHS = NO;
				CLANG_ANALYZER_NONNULL = YES;
				CLANG_ANALYZER_NUMBER_OBJECT_CONVERSION = YES_AGGRESSIVE;
				CLANG_CXX_LANGUAGE_STANDARD = "gnu++20";
				CLANG_ENABLE_MODULES = YES;
				CLANG_ENABLE_OBJC_ARC = YES;
				CLANG_ENABLE_OBJC_WEAK = YES;
				CLANG_WARN_BLOCK_CAPTURE_AUTORELEASING = YES;
				CLANG_WARN_BOOL_CONVERSION = YES;
				CLANG_WARN_COMMA = YES;
				CLANG_WARN_CONSTANT_CONVERSION = YES;
				CLANG_WARN_DEPRECATED_OBJC_IMPLEMENTATIONS = YES;
				CLANG_WARN_DIRECT_OBJC_ISA_USAGE = YES_ERROR;
				CLANG_WARN_DOCUMENTATION_COMMENTS = YES;
				CLANG_WARN_EMPTY_BODY = YES;
				CLANG_WARN_ENUM_CONVERSION = YES;
				CLANG_WARN_INFINITE_RECURSION = YES;
				CLANG_WARN_INT_CONVERSION = YES;
				CLANG_WARN_NON_LITERAL_NULL_CONVERSION = YES;
				CLANG_WARN_OBJC_IMPLICIT_RETAIN_SELF = YES;
				CLANG_WARN_OBJC_LITERAL_CONVERSION = YES;
				CLANG_WARN_OBJC_ROOT_CLASS = YES_ERROR;
				CLANG_WARN_QUOTED_INCLUDE_IN_FRAMEWORK_HEADER = YES;
				CLANG_WARN_RANGE_LOOP_ANALYSIS = YES;
				CLANG_WARN_STRICT_PROTOTYPES = YES;
				CLANG_WARN_SUSPICIOUS_MOVE = YES;
				CLANG_WARN_UNGUARDED_AVAILABILITY = YES_AGGRESSIVE;
				CLANG_WARN_UNREACHABLE_CODE = YES;
				CLANG_WARN__DUPLICATE_METHOD_MATCH = YES;
				COPY_PHASE_STRIP = NO;
				DEBUG_INFORMATION_FORMAT = "dwarf-with-dsym";
				ENABLE_NS_ASSERTIONS = NO;
				ENABLE_STRICT_OBJC_MSGSEND = YES;
				GCC_C_LANGUAGE_STANDARD = gnu11;
				GCC_NO_COMMON_BLOCKS = YES;
				GCC_WARN_64_TO_32_BIT_CONVERSION = YES;
				GCC_WARN_ABOUT_RETURN_TYPE = YES_ERROR;
				GCC_WARN_UNDECLARED_SELECTOR = YES;
				GCC_WARN_UNINITIALIZED_AUTOS = YES_AGGRESSIVE;
				GCC_WARN_UNUSED_FUNCTION = YES;
				GCC_WARN_UNUSED_VARIABLE = YES;
				IPHONEOS_DEPLOYMENT_TARGET = 16.0;
				MTL_ENABLE_DEBUG_INFO = NO;
				MTL_FAST_MATH = YES;
				SDKROOT = iphoneos;
				SWIFT_COMPILATION_MODE = wholemodule;
				SWIFT_OPTIMIZATION_LEVEL = "-O";
				VALIDATE_PRODUCT = YES;
			};
			name = Release;
		};
		75F13D482923DEE200FFE73B /* Debug */ = {
			isa = XCBuildConfiguration;
			buildSettings = {
				ASSETCATALOG_COMPILER_APPICON_NAME = AppIcon;
				ASSETCATALOG_COMPILER_GLOBAL_ACCENT_COLOR_NAME = AccentColor;
				CODE_SIGN_STYLE = Automatic;
				CURRENT_PROJECT_VERSION = 1;
				DEVELOPMENT_ASSET_PATHS = "\"trade-machine/Preview Content\"";
				DEVELOPMENT_TEAM = SKD58BVR64;
				ENABLE_PREVIEWS = YES;
				GENERATE_INFOPLIST_FILE = YES;
				INFOPLIST_KEY_UIApplicationSceneManifest_Generation = YES;
				INFOPLIST_KEY_UIApplicationSupportsIndirectInputEvents = YES;
				INFOPLIST_KEY_UILaunchScreen_Generation = YES;
				INFOPLIST_KEY_UISupportedInterfaceOrientations_iPad = "UIInterfaceOrientationPortrait UIInterfaceOrientationPortraitUpsideDown UIInterfaceOrientationLandscapeLeft UIInterfaceOrientationLandscapeRight";
				INFOPLIST_KEY_UISupportedInterfaceOrientations_iPhone = "UIInterfaceOrientationPortrait UIInterfaceOrientationLandscapeLeft UIInterfaceOrientationLandscapeRight";
				IPHONEOS_DEPLOYMENT_TARGET = 15.0;
				LD_RUNPATH_SEARCH_PATHS = (
					"$(inherited)",
					"@executable_path/Frameworks",
				);
				MARKETING_VERSION = 1.0;
				PRODUCT_BUNDLE_IDENTIFIER = "ichikawa.trade-machine";
				PRODUCT_NAME = "$(TARGET_NAME)";
				SUPPORTED_PLATFORMS = "iphoneos iphonesimulator";
				SUPPORTS_MACCATALYST = NO;
				SUPPORTS_MAC_DESIGNED_FOR_IPHONE_IPAD = NO;
				SWIFT_EMIT_LOC_STRINGS = YES;
				SWIFT_VERSION = 5.0;
				TARGETED_DEVICE_FAMILY = "1,2";
			};
			name = Debug;
		};
		75F13D492923DEE200FFE73B /* Release */ = {
			isa = XCBuildConfiguration;
			buildSettings = {
				ASSETCATALOG_COMPILER_APPICON_NAME = AppIcon;
				ASSETCATALOG_COMPILER_GLOBAL_ACCENT_COLOR_NAME = AccentColor;
				CODE_SIGN_STYLE = Automatic;
				CURRENT_PROJECT_VERSION = 1;
				DEVELOPMENT_ASSET_PATHS = "\"trade-machine/Preview Content\"";
				DEVELOPMENT_TEAM = SKD58BVR64;
				ENABLE_PREVIEWS = YES;
				GENERATE_INFOPLIST_FILE = YES;
				INFOPLIST_KEY_UIApplicationSceneManifest_Generation = YES;
				INFOPLIST_KEY_UIApplicationSupportsIndirectInputEvents = YES;
				INFOPLIST_KEY_UILaunchScreen_Generation = YES;
				INFOPLIST_KEY_UISupportedInterfaceOrientations_iPad = "UIInterfaceOrientationPortrait UIInterfaceOrientationPortraitUpsideDown UIInterfaceOrientationLandscapeLeft UIInterfaceOrientationLandscapeRight";
				INFOPLIST_KEY_UISupportedInterfaceOrientations_iPhone = "UIInterfaceOrientationPortrait UIInterfaceOrientationLandscapeLeft UIInterfaceOrientationLandscapeRight";
				IPHONEOS_DEPLOYMENT_TARGET = 15.0;
				LD_RUNPATH_SEARCH_PATHS = (
					"$(inherited)",
					"@executable_path/Frameworks",
				);
				MARKETING_VERSION = 1.0;
				PRODUCT_BUNDLE_IDENTIFIER = "ichikawa.trade-machine";
				PRODUCT_NAME = "$(TARGET_NAME)";
				SUPPORTED_PLATFORMS = "iphoneos iphonesimulator";
				SUPPORTS_MACCATALYST = NO;
				SUPPORTS_MAC_DESIGNED_FOR_IPHONE_IPAD = NO;
				SWIFT_EMIT_LOC_STRINGS = YES;
				SWIFT_VERSION = 5.0;
				TARGETED_DEVICE_FAMILY = "1,2";
			};
			name = Release;
		};
		75F13D4B2923DEE200FFE73B /* Debug */ = {
			isa = XCBuildConfiguration;
			buildSettings = {
				ALWAYS_EMBED_SWIFT_STANDARD_LIBRARIES = YES;
				BUNDLE_LOADER = "$(TEST_HOST)";
				CODE_SIGN_STYLE = Automatic;
				CURRENT_PROJECT_VERSION = 1;
				DEVELOPMENT_TEAM = SKD58BVR64;
				GENERATE_INFOPLIST_FILE = YES;
				IPHONEOS_DEPLOYMENT_TARGET = 16.0;
				MARKETING_VERSION = 1.0;
				PRODUCT_BUNDLE_IDENTIFIER = "ichikawa.trade-machineTests";
				PRODUCT_NAME = "$(TARGET_NAME)";
				SWIFT_EMIT_LOC_STRINGS = NO;
				SWIFT_VERSION = 5.0;
				TARGETED_DEVICE_FAMILY = "1,2";
				TEST_HOST = "$(BUILT_PRODUCTS_DIR)/trade-machine.app/$(BUNDLE_EXECUTABLE_FOLDER_PATH)/trade-machine";
			};
			name = Debug;
		};
		75F13D4C2923DEE200FFE73B /* Release */ = {
			isa = XCBuildConfiguration;
			buildSettings = {
				ALWAYS_EMBED_SWIFT_STANDARD_LIBRARIES = YES;
				BUNDLE_LOADER = "$(TEST_HOST)";
				CODE_SIGN_STYLE = Automatic;
				CURRENT_PROJECT_VERSION = 1;
				DEVELOPMENT_TEAM = SKD58BVR64;
				GENERATE_INFOPLIST_FILE = YES;
				IPHONEOS_DEPLOYMENT_TARGET = 16.0;
				MARKETING_VERSION = 1.0;
				PRODUCT_BUNDLE_IDENTIFIER = "ichikawa.trade-machineTests";
				PRODUCT_NAME = "$(TARGET_NAME)";
				SWIFT_EMIT_LOC_STRINGS = NO;
				SWIFT_VERSION = 5.0;
				TARGETED_DEVICE_FAMILY = "1,2";
				TEST_HOST = "$(BUILT_PRODUCTS_DIR)/trade-machine.app/$(BUNDLE_EXECUTABLE_FOLDER_PATH)/trade-machine";
			};
			name = Release;
		};
		75F13D4E2923DEE200FFE73B /* Debug */ = {
			isa = XCBuildConfiguration;
			buildSettings = {
				ALWAYS_EMBED_SWIFT_STANDARD_LIBRARIES = YES;
				CODE_SIGN_STYLE = Automatic;
				CURRENT_PROJECT_VERSION = 1;
				DEVELOPMENT_TEAM = SKD58BVR64;
				GENERATE_INFOPLIST_FILE = YES;
				MARKETING_VERSION = 1.0;
				PRODUCT_BUNDLE_IDENTIFIER = "ichikawa.trade-machineUITests";
				PRODUCT_NAME = "$(TARGET_NAME)";
				SWIFT_EMIT_LOC_STRINGS = NO;
				SWIFT_VERSION = 5.0;
				TARGETED_DEVICE_FAMILY = "1,2";
				TEST_TARGET_NAME = "trade-machine";
			};
			name = Debug;
		};
		75F13D4F2923DEE200FFE73B /* Release */ = {
			isa = XCBuildConfiguration;
			buildSettings = {
				ALWAYS_EMBED_SWIFT_STANDARD_LIBRARIES = YES;
				CODE_SIGN_STYLE = Automatic;
				CURRENT_PROJECT_VERSION = 1;
				DEVELOPMENT_TEAM = SKD58BVR64;
				GENERATE_INFOPLIST_FILE = YES;
				MARKETING_VERSION = 1.0;
				PRODUCT_BUNDLE_IDENTIFIER = "ichikawa.trade-machineUITests";
				PRODUCT_NAME = "$(TARGET_NAME)";
				SWIFT_EMIT_LOC_STRINGS = NO;
				SWIFT_VERSION = 5.0;
				TARGETED_DEVICE_FAMILY = "1,2";
				TEST_TARGET_NAME = "trade-machine";
			};
			name = Release;
		};
/* End XCBuildConfiguration section */

/* Begin XCConfigurationList section */
		75F13D1E2923DEDF00FFE73B /* Build configuration list for PBXProject "trade-machine" */ = {
			isa = XCConfigurationList;
			buildConfigurations = (
				75F13D452923DEE200FFE73B /* Debug */,
				75F13D462923DEE200FFE73B /* Release */,
			);
			defaultConfigurationIsVisible = 0;
			defaultConfigurationName = Release;
		};
		75F13D472923DEE200FFE73B /* Build configuration list for PBXNativeTarget "trade-machine" */ = {
			isa = XCConfigurationList;
			buildConfigurations = (
				75F13D482923DEE200FFE73B /* Debug */,
				75F13D492923DEE200FFE73B /* Release */,
			);
			defaultConfigurationIsVisible = 0;
			defaultConfigurationName = Release;
		};
		75F13D4A2923DEE200FFE73B /* Build configuration list for PBXNativeTarget "trade-machineTests" */ = {
			isa = XCConfigurationList;
			buildConfigurations = (
				75F13D4B2923DEE200FFE73B /* Debug */,
				75F13D4C2923DEE200FFE73B /* Release */,
			);
			defaultConfigurationIsVisible = 0;
			defaultConfigurationName = Release;
		};
		75F13D4D2923DEE200FFE73B /* Build configuration list for PBXNativeTarget "trade-machineUITests" */ = {
			isa = XCConfigurationList;
			buildConfigurations = (
				75F13D4E2923DEE200FFE73B /* Debug */,
				75F13D4F2923DEE200FFE73B /* Release */,
			);
			defaultConfigurationIsVisible = 0;
			defaultConfigurationName = Release;
		};
/* End XCConfigurationList section */

/* Begin XCSwiftPackageProductDependency section */
		751E757B2933CB360017A3C9 /* Representable */ = {
			isa = XCSwiftPackageProductDependency;
			productName = Representable;
		};
		751F7CA12923F10600F5A89F /* AppFeature */ = {
			isa = XCSwiftPackageProductDependency;
			productName = AppFeature;
		};
		755F961A2937A84C00D5F0BB /* SelectPlayerFeature */ = {
			isa = XCSwiftPackageProductDependency;
			productName = SelectPlayerFeature;
		};
		75C62B7329333F8900F48A52 /* SelectTeamsFeature */ = {
			isa = XCSwiftPackageProductDependency;
			productName = SelectTeamsFeature;
		};
/* End XCSwiftPackageProductDependency section */
	};
	rootObject = 75F13D1B2923DEDF00FFE73B /* Project object */;
}
